// !$*UTF8*$!
{
	archiveVersion = 1;
	classes = {
	};
	objectVersion = 51;
	objects = {

/* Begin PBXBuildFile section */
		444B40EB258DC9AC00AB59C9 /* ArticlesViewController.swift in Sources */ = {isa = PBXBuildFile; fileRef = 444B40EA258DC9AC00AB59C9 /* ArticlesViewController.swift */; };
		44CECE88258DF15C00B30565 /* ArticleCell.swift in Sources */ = {isa = PBXBuildFile; fileRef = 44CECE87258DF15C00B30565 /* ArticleCell.swift */; };
		44CECE9D258E01AF00B30565 /* WebKit.framework in Frameworks */ = {isa = PBXBuildFile; fileRef = 44CECE9C258E01AF00B30565 /* WebKit.framework */; };
		44E53143258BE7A0004D841C /* AppDelegate.swift in Sources */ = {isa = PBXBuildFile; fileRef = 44E53142258BE7A0004D841C /* AppDelegate.swift */; };
		44E53147258BE7A0004D841C /* WebViewController.swift in Sources */ = {isa = PBXBuildFile; fileRef = 44E53146258BE7A0004D841C /* WebViewController.swift */; };
		44E5314A258BE7A0004D841C /* Main.storyboard in Resources */ = {isa = PBXBuildFile; fileRef = 44E53148258BE7A0004D841C /* Main.storyboard */; };
		44E5314C258BE7A3004D841C /* Assets.xcassets in Resources */ = {isa = PBXBuildFile; fileRef = 44E5314B258BE7A3004D841C /* Assets.xcassets */; };
		44E5314F258BE7A3004D841C /* LaunchScreen.storyboard in Resources */ = {isa = PBXBuildFile; fileRef = 44E5314D258BE7A3004D841C /* LaunchScreen.storyboard */; };
		44E5315A258BE7A3004D841C /* NYTimesArticlesTests.swift in Sources */ = {isa = PBXBuildFile; fileRef = 44E53159258BE7A3004D841C /* NYTimesArticlesTests.swift */; };
		44E53165258BE7A3004D841C /* NYTimesArticlesUITests.swift in Sources */ = {isa = PBXBuildFile; fileRef = 44E53164258BE7A3004D841C /* NYTimesArticlesUITests.swift */; };
		44E53184258CA7C5004D841C /* Network.swift in Sources */ = {isa = PBXBuildFile; fileRef = 44E53183258CA7C5004D841C /* Network.swift */; };
		44E53189258CA820004D841C /* Article.swift in Sources */ = {isa = PBXBuildFile; fileRef = 44E53188258CA820004D841C /* Article.swift */; };
		44E5318E258CAB84004D841C /* Constants.swift in Sources */ = {isa = PBXBuildFile; fileRef = 44E5318D258CAB84004D841C /* Constants.swift */; };
		91787470640BF79CA1548A19 /* Pods_NYTimesArticles.framework in Frameworks */ = {isa = PBXBuildFile; fileRef = 19CD8874058F9EA706DC98FF /* Pods_NYTimesArticles.framework */; };
/* End PBXBuildFile section */

/* Begin PBXContainerItemProxy section */
		44E53156258BE7A3004D841C /* PBXContainerItemProxy */ = {
			isa = PBXContainerItemProxy;
			containerPortal = 44E53137258BE7A0004D841C /* Project object */;
			proxyType = 1;
			remoteGlobalIDString = 44E5313E258BE7A0004D841C;
			remoteInfo = NYTimesArticles;
		};
		44E53161258BE7A3004D841C /* PBXContainerItemProxy */ = {
			isa = PBXContainerItemProxy;
			containerPortal = 44E53137258BE7A0004D841C /* Project object */;
			proxyType = 1;
			remoteGlobalIDString = 44E5313E258BE7A0004D841C;
			remoteInfo = NYTimesArticles;
		};
/* End PBXContainerItemProxy section */

/* Begin PBXFileReference section */
		19CD8874058F9EA706DC98FF /* Pods_NYTimesArticles.framework */ = {isa = PBXFileReference; explicitFileType = wrapper.framework; includeInIndex = 0; path = Pods_NYTimesArticles.framework; sourceTree = BUILT_PRODUCTS_DIR; };
		3749A1D369C39FDDFD56F92E /* Pods-NYTimesArticles.release.xcconfig */ = {isa = PBXFileReference; includeInIndex = 1; lastKnownFileType = text.xcconfig; name = "Pods-NYTimesArticles.release.xcconfig"; path = "Target Support Files/Pods-NYTimesArticles/Pods-NYTimesArticles.release.xcconfig"; sourceTree = "<group>"; };
		444B40EA258DC9AC00AB59C9 /* ArticlesViewController.swift */ = {isa = PBXFileReference; lastKnownFileType = sourcecode.swift; path = ArticlesViewController.swift; sourceTree = "<group>"; };
		44CECE87258DF15C00B30565 /* ArticleCell.swift */ = {isa = PBXFileReference; lastKnownFileType = sourcecode.swift; path = ArticleCell.swift; sourceTree = "<group>"; };
		44CECE9C258E01AF00B30565 /* WebKit.framework */ = {isa = PBXFileReference; lastKnownFileType = wrapper.framework; name = WebKit.framework; path = System/Library/Frameworks/WebKit.framework; sourceTree = SDKROOT; };
		44E5313F258BE7A0004D841C /* NYTimesArticles.app */ = {isa = PBXFileReference; explicitFileType = wrapper.application; includeInIndex = 0; path = NYTimesArticles.app; sourceTree = BUILT_PRODUCTS_DIR; };
		44E53142258BE7A0004D841C /* AppDelegate.swift */ = {isa = PBXFileReference; lastKnownFileType = sourcecode.swift; path = AppDelegate.swift; sourceTree = "<group>"; };
		44E53146258BE7A0004D841C /* WebViewController.swift */ = {isa = PBXFileReference; lastKnownFileType = sourcecode.swift; path = WebViewController.swift; sourceTree = "<group>"; };
		44E53149258BE7A0004D841C /* Base */ = {isa = PBXFileReference; lastKnownFileType = file.storyboard; name = Base; path = Base.lproj/Main.storyboard; sourceTree = "<group>"; };
		44E5314B258BE7A3004D841C /* Assets.xcassets */ = {isa = PBXFileReference; lastKnownFileType = folder.assetcatalog; path = Assets.xcassets; sourceTree = "<group>"; };
		44E5314E258BE7A3004D841C /* Base */ = {isa = PBXFileReference; lastKnownFileType = file.storyboard; name = Base; path = Base.lproj/LaunchScreen.storyboard; sourceTree = "<group>"; };
		44E53150258BE7A3004D841C /* Info.plist */ = {isa = PBXFileReference; lastKnownFileType = text.plist.xml; path = Info.plist; sourceTree = "<group>"; };
		44E53155258BE7A3004D841C /* NYTimesArticlesTests.xctest */ = {isa = PBXFileReference; explicitFileType = wrapper.cfbundle; includeInIndex = 0; path = NYTimesArticlesTests.xctest; sourceTree = BUILT_PRODUCTS_DIR; };
		44E53159258BE7A3004D841C /* NYTimesArticlesTests.swift */ = {isa = PBXFileReference; lastKnownFileType = sourcecode.swift; path = NYTimesArticlesTests.swift; sourceTree = "<group>"; };
		44E5315B258BE7A3004D841C /* Info.plist */ = {isa = PBXFileReference; lastKnownFileType = text.plist.xml; path = Info.plist; sourceTree = "<group>"; };
		44E53160258BE7A3004D841C /* NYTimesArticlesUITests.xctest */ = {isa = PBXFileReference; explicitFileType = wrapper.cfbundle; includeInIndex = 0; path = NYTimesArticlesUITests.xctest; sourceTree = BUILT_PRODUCTS_DIR; };
		44E53164258BE7A3004D841C /* NYTimesArticlesUITests.swift */ = {isa = PBXFileReference; lastKnownFileType = sourcecode.swift; path = NYTimesArticlesUITests.swift; sourceTree = "<group>"; };
		44E53166258BE7A3004D841C /* Info.plist */ = {isa = PBXFileReference; lastKnownFileType = text.plist.xml; path = Info.plist; sourceTree = "<group>"; };
		44E53183258CA7C5004D841C /* Network.swift */ = {isa = PBXFileReference; lastKnownFileType = sourcecode.swift; path = Network.swift; sourceTree = "<group>"; };
		44E53188258CA820004D841C /* Article.swift */ = {isa = PBXFileReference; lastKnownFileType = sourcecode.swift; path = Article.swift; sourceTree = "<group>"; };
		44E5318D258CAB84004D841C /* Constants.swift */ = {isa = PBXFileReference; lastKnownFileType = sourcecode.swift; path = Constants.swift; sourceTree = "<group>"; };
		6A81CCB8444BDBBF4CE8A85A /* Pods-NYTimesArticles.debug.xcconfig */ = {isa = PBXFileReference; includeInIndex = 1; lastKnownFileType = text.xcconfig; name = "Pods-NYTimesArticles.debug.xcconfig"; path = "Target Support Files/Pods-NYTimesArticles/Pods-NYTimesArticles.debug.xcconfig"; sourceTree = "<group>"; };
/* End PBXFileReference section */

/* Begin PBXFrameworksBuildPhase section */
		44E5313C258BE7A0004D841C /* Frameworks */ = {
			isa = PBXFrameworksBuildPhase;
			buildActionMask = 2147483647;
			files = (
				44CECE9D258E01AF00B30565 /* WebKit.framework in Frameworks */,
				91787470640BF79CA1548A19 /* Pods_NYTimesArticles.framework in Frameworks */,
			);
			runOnlyForDeploymentPostprocessing = 0;
		};
		44E53152258BE7A3004D841C /* Frameworks */ = {
			isa = PBXFrameworksBuildPhase;
			buildActionMask = 2147483647;
			files = (
			);
			runOnlyForDeploymentPostprocessing = 0;
		};
		44E5315D258BE7A3004D841C /* Frameworks */ = {
			isa = PBXFrameworksBuildPhase;
			buildActionMask = 2147483647;
			files = (
			);
			runOnlyForDeploymentPostprocessing = 0;
		};
/* End PBXFrameworksBuildPhase section */

/* Begin PBXGroup section */
		13D53358DD59735E6E620AF6 /* Frameworks */ = {
			isa = PBXGroup;
			children = (
				44CECE9C258E01AF00B30565 /* WebKit.framework */,
				19CD8874058F9EA706DC98FF /* Pods_NYTimesArticles.framework */,
			);
			name = Frameworks;
			sourceTree = "<group>";
		};
		44E53136258BE7A0004D841C = {
			isa = PBXGroup;
			children = (
				44E53141258BE7A0004D841C /* NYTimesArticles */,
				44E53158258BE7A3004D841C /* NYTimesArticlesTests */,
				44E53163258BE7A3004D841C /* NYTimesArticlesUITests */,
				44E53140258BE7A0004D841C /* Products */,
				D4D2832482694A3DFD21B581 /* Pods */,
				13D53358DD59735E6E620AF6 /* Frameworks */,
			);
			sourceTree = "<group>";
		};
		44E53140258BE7A0004D841C /* Products */ = {
			isa = PBXGroup;
			children = (
				44E5313F258BE7A0004D841C /* NYTimesArticles.app */,
				44E53155258BE7A3004D841C /* NYTimesArticlesTests.xctest */,
				44E53160258BE7A3004D841C /* NYTimesArticlesUITests.xctest */,
			);
			name = Products;
			sourceTree = "<group>";
		};
		44E53141258BE7A0004D841C /* NYTimesArticles */ = {
			isa = PBXGroup;
			children = (
				44E53142258BE7A0004D841C /* AppDelegate.swift */,
				44E53183258CA7C5004D841C /* Network.swift */,
				44E5318D258CAB84004D841C /* Constants.swift */,
				44E53188258CA820004D841C /* Article.swift */,
				44E53146258BE7A0004D841C /* WebViewController.swift */,
				444B40EA258DC9AC00AB59C9 /* ArticlesViewController.swift */,
				44CECE87258DF15C00B30565 /* ArticleCell.swift */,
				44E53148258BE7A0004D841C /* Main.storyboard */,
				44E5314B258BE7A3004D841C /* Assets.xcassets */,
				44E5314D258BE7A3004D841C /* LaunchScreen.storyboard */,
				44E53150258BE7A3004D841C /* Info.plist */,
			);
			path = NYTimesArticles;
			sourceTree = "<group>";
		};
		44E53158258BE7A3004D841C /* NYTimesArticlesTests */ = {
			isa = PBXGroup;
			children = (
				44E53159258BE7A3004D841C /* NYTimesArticlesTests.swift */,
				44E5315B258BE7A3004D841C /* Info.plist */,
			);
			path = NYTimesArticlesTests;
			sourceTree = "<group>";
		};
		44E53163258BE7A3004D841C /* NYTimesArticlesUITests */ = {
			isa = PBXGroup;
			children = (
				44E53164258BE7A3004D841C /* NYTimesArticlesUITests.swift */,
				44E53166258BE7A3004D841C /* Info.plist */,
			);
			path = NYTimesArticlesUITests;
			sourceTree = "<group>";
		};
		D4D2832482694A3DFD21B581 /* Pods */ = {
			isa = PBXGroup;
			children = (
				6A81CCB8444BDBBF4CE8A85A /* Pods-NYTimesArticles.debug.xcconfig */,
				3749A1D369C39FDDFD56F92E /* Pods-NYTimesArticles.release.xcconfig */,
			);
			path = Pods;
			sourceTree = "<group>";
		};
/* End PBXGroup section */

/* Begin PBXNativeTarget section */
		44E5313E258BE7A0004D841C /* NYTimesArticles */ = {
			isa = PBXNativeTarget;
			buildConfigurationList = 44E53169258BE7A3004D841C /* Build configuration list for PBXNativeTarget "NYTimesArticles" */;
			buildPhases = (
				1C7F5708D6A2837C8E2967CD /* [CP] Check Pods Manifest.lock */,
				44E5313B258BE7A0004D841C /* Sources */,
				44E5313C258BE7A0004D841C /* Frameworks */,
				44E5313D258BE7A0004D841C /* Resources */,
				36EB0F55A5A3EB37861C0A39 /* [CP] Embed Pods Frameworks */,
			);
			buildRules = (
			);
			dependencies = (
			);
			name = NYTimesArticles;
			productName = NYTimesArticles;
			productReference = 44E5313F258BE7A0004D841C /* NYTimesArticles.app */;
			productType = "com.apple.product-type.application";
		};
		44E53154258BE7A3004D841C /* NYTimesArticlesTests */ = {
			isa = PBXNativeTarget;
			buildConfigurationList = 44E5316C258BE7A3004D841C /* Build configuration list for PBXNativeTarget "NYTimesArticlesTests" */;
			buildPhases = (
				44E53151258BE7A3004D841C /* Sources */,
				44E53152258BE7A3004D841C /* Frameworks */,
				44E53153258BE7A3004D841C /* Resources */,
			);
			buildRules = (
			);
			dependencies = (
				44E53157258BE7A3004D841C /* PBXTargetDependency */,
			);
			name = NYTimesArticlesTests;
			productName = NYTimesArticlesTests;
			productReference = 44E53155258BE7A3004D841C /* NYTimesArticlesTests.xctest */;
			productType = "com.apple.product-type.bundle.unit-test";
		};
		44E5315F258BE7A3004D841C /* NYTimesArticlesUITests */ = {
			isa = PBXNativeTarget;
			buildConfigurationList = 44E5316F258BE7A3004D841C /* Build configuration list for PBXNativeTarget "NYTimesArticlesUITests" */;
			buildPhases = (
				44E5315C258BE7A3004D841C /* Sources */,
				44E5315D258BE7A3004D841C /* Frameworks */,
				44E5315E258BE7A3004D841C /* Resources */,
			);
			buildRules = (
			);
			dependencies = (
				44E53162258BE7A3004D841C /* PBXTargetDependency */,
			);
			name = NYTimesArticlesUITests;
			productName = NYTimesArticlesUITests;
			productReference = 44E53160258BE7A3004D841C /* NYTimesArticlesUITests.xctest */;
			productType = "com.apple.product-type.bundle.ui-testing";
		};
/* End PBXNativeTarget section */

/* Begin PBXProject section */
		44E53137258BE7A0004D841C /* Project object */ = {
			isa = PBXProject;
			attributes = {
				LastSwiftUpdateCheck = 1220;
				LastUpgradeCheck = 1220;
				TargetAttributes = {
					44E5313E258BE7A0004D841C = {
						CreatedOnToolsVersion = 12.2;
					};
					44E53154258BE7A3004D841C = {
						CreatedOnToolsVersion = 12.2;
						TestTargetID = 44E5313E258BE7A0004D841C;
					};
					44E5315F258BE7A3004D841C = {
						CreatedOnToolsVersion = 12.2;
						TestTargetID = 44E5313E258BE7A0004D841C;
					};
				};
			};
			buildConfigurationList = 44E5313A258BE7A0004D841C /* Build configuration list for PBXProject "NYTimesArticles" */;
			compatibilityVersion = "Xcode 9.3";
			developmentRegion = en;
			hasScannedForEncodings = 0;
			knownRegions = (
				en,
				Base,
			);
			mainGroup = 44E53136258BE7A0004D841C;
			productRefGroup = 44E53140258BE7A0004D841C /* Products */;
			projectDirPath = "";
			projectRoot = "";
			targets = (
				44E5313E258BE7A0004D841C /* NYTimesArticles */,
				44E53154258BE7A3004D841C /* NYTimesArticlesTests */,
				44E5315F258BE7A3004D841C /* NYTimesArticlesUITests */,
			);
		};
/* End PBXProject section */

/* Begin PBXResourcesBuildPhase section */
		44E5313D258BE7A0004D841C /* Resources */ = {
			isa = PBXResourcesBuildPhase;
			buildActionMask = 2147483647;
			files = (
				44E5314F258BE7A3004D841C /* LaunchScreen.storyboard in Resources */,
				44E5314C258BE7A3004D841C /* Assets.xcassets in Resources */,
				44E5314A258BE7A0004D841C /* Main.storyboard in Resources */,
			);
			runOnlyForDeploymentPostprocessing = 0;
		};
		44E53153258BE7A3004D841C /* Resources */ = {
			isa = PBXResourcesBuildPhase;
			buildActionMask = 2147483647;
			files = (
			);
			runOnlyForDeploymentPostprocessing = 0;
		};
		44E5315E258BE7A3004D841C /* Resources */ = {
			isa = PBXResourcesBuildPhase;
			buildActionMask = 2147483647;
			files = (
			);
			runOnlyForDeploymentPostprocessing = 0;
		};
/* End PBXResourcesBuildPhase section */

/* Begin PBXShellScriptBuildPhase section */
		1C7F5708D6A2837C8E2967CD /* [CP] Check Pods Manifest.lock */ = {
			isa = PBXShellScriptBuildPhase;
			buildActionMask = 2147483647;
			files = (
			);
			inputFileListPaths = (
			);
			inputPaths = (
				"${PODS_PODFILE_DIR_PATH}/Podfile.lock",
				"${PODS_ROOT}/Manifest.lock",
			);
			name = "[CP] Check Pods Manifest.lock";
			outputFileListPaths = (
			);
			outputPaths = (
				"$(DERIVED_FILE_DIR)/Pods-NYTimesArticles-checkManifestLockResult.txt",
			);
			runOnlyForDeploymentPostprocessing = 0;
			shellPath = /bin/sh;
			shellScript = "diff \"${PODS_PODFILE_DIR_PATH}/Podfile.lock\" \"${PODS_ROOT}/Manifest.lock\" > /dev/null\nif [ $? != 0 ] ; then\n    # print error to STDERR\n    echo \"error: The sandbox is not in sync with the Podfile.lock. Run 'pod install' or update your CocoaPods installation.\" >&2\n    exit 1\nfi\n# This output is used by Xcode 'outputs' to avoid re-running this script phase.\necho \"SUCCESS\" > \"${SCRIPT_OUTPUT_FILE_0}\"\n";
			showEnvVarsInLog = 0;
		};
		36EB0F55A5A3EB37861C0A39 /* [CP] Embed Pods Frameworks */ = {
			isa = PBXShellScriptBuildPhase;
			buildActionMask = 2147483647;
			files = (
			);
			inputFileListPaths = (
				"${PODS_ROOT}/Target Support Files/Pods-NYTimesArticles/Pods-NYTimesArticles-frameworks-${CONFIGURATION}-input-files.xcfilelist",
			);
			name = "[CP] Embed Pods Frameworks";
			outputFileListPaths = (
				"${PODS_ROOT}/Target Support Files/Pods-NYTimesArticles/Pods-NYTimesArticles-frameworks-${CONFIGURATION}-output-files.xcfilelist",
			);
			runOnlyForDeploymentPostprocessing = 0;
			shellPath = /bin/sh;
			shellScript = "\"${PODS_ROOT}/Target Support Files/Pods-NYTimesArticles/Pods-NYTimesArticles-frameworks.sh\"\n";
			showEnvVarsInLog = 0;
		};
/* End PBXShellScriptBuildPhase section */

/* Begin PBXSourcesBuildPhase section */
		44E5313B258BE7A0004D841C /* Sources */ = {
			isa = PBXSourcesBuildPhase;
			buildActionMask = 2147483647;
			files = (
				44E53189258CA820004D841C /* Article.swift in Sources */,
				44E53147258BE7A0004D841C /* WebViewController.swift in Sources */,
				44E5318E258CAB84004D841C /* Constants.swift in Sources */,
				444B40EB258DC9AC00AB59C9 /* ArticlesViewController.swift in Sources */,
				44CECE88258DF15C00B30565 /* ArticleCell.swift in Sources */,
				44E53143258BE7A0004D841C /* AppDelegate.swift in Sources */,
				44E53184258CA7C5004D841C /* Network.swift in Sources */,
			);
			runOnlyForDeploymentPostprocessing = 0;
		};
		44E53151258BE7A3004D841C /* Sources */ = {
			isa = PBXSourcesBuildPhase;
			buildActionMask = 2147483647;
			files = (
				44E5315A258BE7A3004D841C /* NYTimesArticlesTests.swift in Sources */,
			);
			runOnlyForDeploymentPostprocessing = 0;
		};
		44E5315C258BE7A3004D841C /* Sources */ = {
			isa = PBXSourcesBuildPhase;
			buildActionMask = 2147483647;
			files = (
				44E53165258BE7A3004D841C /* NYTimesArticlesUITests.swift in Sources */,
			);
			runOnlyForDeploymentPostprocessing = 0;
		};
/* End PBXSourcesBuildPhase section */

/* Begin PBXTargetDependency section */
		44E53157258BE7A3004D841C /* PBXTargetDependency */ = {
			isa = PBXTargetDependency;
			target = 44E5313E258BE7A0004D841C /* NYTimesArticles */;
			targetProxy = 44E53156258BE7A3004D841C /* PBXContainerItemProxy */;
		};
		44E53162258BE7A3004D841C /* PBXTargetDependency */ = {
			isa = PBXTargetDependency;
			target = 44E5313E258BE7A0004D841C /* NYTimesArticles */;
			targetProxy = 44E53161258BE7A3004D841C /* PBXContainerItemProxy */;
		};
/* End PBXTargetDependency section */

/* Begin PBXVariantGroup section */
		44E53148258BE7A0004D841C /* Main.storyboard */ = {
			isa = PBXVariantGroup;
			children = (
				44E53149258BE7A0004D841C /* Base */,
			);
			name = Main.storyboard;
			sourceTree = "<group>";
		};
		44E5314D258BE7A3004D841C /* LaunchScreen.storyboard */ = {
			isa = PBXVariantGroup;
			children = (
				44E5314E258BE7A3004D841C /* Base */,
			);
			name = LaunchScreen.storyboard;
			sourceTree = "<group>";
		};
/* End PBXVariantGroup section */

/* Begin XCBuildConfiguration section */
		44E53167258BE7A3004D841C /* Debug */ = {
			isa = XCBuildConfiguration;
			buildSettings = {
				ALWAYS_SEARCH_USER_PATHS = NO;
				CLANG_ANALYZER_NONNULL = YES;
				CLANG_ANALYZER_NUMBER_OBJECT_CONVERSION = YES_AGGRESSIVE;
				CLANG_CXX_LANGUAGE_STANDARD = "gnu++14";
				CLANG_CXX_LIBRARY = "libc++";
				CLANG_ENABLE_MODULES = YES;
				CLANG_ENABLE_OBJC_ARC = YES;
				CLANG_ENABLE_OBJC_WEAK = YES;
				CLANG_WARN_BLOCK_CAPTURE_AUTORELEASING = YES;
				CLANG_WARN_BOOL_CONVERSION = YES;
				CLANG_WARN_COMMA = YES;
				CLANG_WARN_CONSTANT_CONVERSION = YES;
				CLANG_WARN_DEPRECATED_OBJC_IMPLEMENTATIONS = YES;
				CLANG_WARN_DIRECT_OBJC_ISA_USAGE = YES_ERROR;
				CLANG_WARN_DOCUMENTATION_COMMENTS = YES;
				CLANG_WARN_EMPTY_BODY = YES;
				CLANG_WARN_ENUM_CONVERSION = YES;
				CLANG_WARN_INFINITE_RECURSION = YES;
				CLANG_WARN_INT_CONVERSION = YES;
				CLANG_WARN_NON_LITERAL_NULL_CONVERSION = YES;
				CLANG_WARN_OBJC_IMPLICIT_RETAIN_SELF = YES;
				CLANG_WARN_OBJC_LITERAL_CONVERSION = YES;
				CLANG_WARN_OBJC_ROOT_CLASS = YES_ERROR;
				CLANG_WARN_QUOTED_INCLUDE_IN_FRAMEWORK_HEADER = YES;
				CLANG_WARN_RANGE_LOOP_ANALYSIS = YES;
				CLANG_WARN_STRICT_PROTOTYPES = YES;
				CLANG_WARN_SUSPICIOUS_MOVE = YES;
				CLANG_WARN_UNGUARDED_AVAILABILITY = YES_AGGRESSIVE;
				CLANG_WARN_UNREACHABLE_CODE = YES;
				CLANG_WARN__DUPLICATE_METHOD_MATCH = YES;
				COPY_PHASE_STRIP = NO;
				DEBUG_INFORMATION_FORMAT = dwarf;
				ENABLE_STRICT_OBJC_MSGSEND = YES;
				ENABLE_TESTABILITY = YES;
				GCC_C_LANGUAGE_STANDARD = gnu11;
				GCC_DYNAMIC_NO_PIC = NO;
				GCC_NO_COMMON_BLOCKS = YES;
				GCC_OPTIMIZATION_LEVEL = 0;
				GCC_PREPROCESSOR_DEFINITIONS = (
					"DEBUG=1",
					"$(inherited)",
				);
				GCC_WARN_64_TO_32_BIT_CONVERSION = YES;
				GCC_WARN_ABOUT_RETURN_TYPE = YES_ERROR;
				GCC_WARN_UNDECLARED_SELECTOR = YES;
				GCC_WARN_UNINITIALIZED_AUTOS = YES_AGGRESSIVE;
				GCC_WARN_UNUSED_FUNCTION = YES;
				GCC_WARN_UNUSED_VARIABLE = YES;
				IPHONEOS_DEPLOYMENT_TARGET = 14.2;
				MTL_ENABLE_DEBUG_INFO = INCLUDE_SOURCE;
				MTL_FAST_MATH = YES;
				ONLY_ACTIVE_ARCH = YES;
				SDKROOT = iphoneos;
				SWIFT_ACTIVE_COMPILATION_CONDITIONS = DEBUG;
				SWIFT_OPTIMIZATION_LEVEL = "-Onone";
			};
			name = Debug;
		};
		44E53168258BE7A3004D841C /* Release */ = {
			isa = XCBuildConfiguration;
			buildSettings = {
				ALWAYS_SEARCH_USER_PATHS = NO;
				CLANG_ANALYZER_NONNULL = YES;
				CLANG_ANALYZER_NUMBER_OBJECT_CONVERSION = YES_AGGRESSIVE;
				CLANG_CXX_LANGUAGE_STANDARD = "gnu++14";
				CLANG_CXX_LIBRARY = "libc++";
				CLANG_ENABLE_MODULES = YES;
				CLANG_ENABLE_OBJC_ARC = YES;
				CLANG_ENABLE_OBJC_WEAK = YES;
				CLANG_WARN_BLOCK_CAPTURE_AUTORELEASING = YES;
				CLANG_WARN_BOOL_CONVERSION = YES;
				CLANG_WARN_COMMA = YES;
				CLANG_WARN_CONSTANT_CONVERSION = YES;
				CLANG_WARN_DEPRECATED_OBJC_IMPLEMENTATIONS = YES;
				CLANG_WARN_DIRECT_OBJC_ISA_USAGE = YES_ERROR;
				CLANG_WARN_DOCUMENTATION_COMMENTS = YES;
				CLANG_WARN_EMPTY_BODY = YES;
				CLANG_WARN_ENUM_CONVERSION = YES;
				CLANG_WARN_INFINITE_RECURSION = YES;
				CLANG_WARN_INT_CONVERSION = YES;
				CLANG_WARN_NON_LITERAL_NULL_CONVERSION = YES;
				CLANG_WARN_OBJC_IMPLICIT_RETAIN_SELF = YES;
				CLANG_WARN_OBJC_LITERAL_CONVERSION = YES;
				CLANG_WARN_OBJC_ROOT_CLASS = YES_ERROR;
				CLANG_WARN_QUOTED_INCLUDE_IN_FRAMEWORK_HEADER = YES;
				CLANG_WARN_RANGE_LOOP_ANALYSIS = YES;
				CLANG_WARN_STRICT_PROTOTYPES = YES;
				CLANG_WARN_SUSPICIOUS_MOVE = YES;
				CLANG_WARN_UNGUARDED_AVAILABILITY = YES_AGGRESSIVE;
				CLANG_WARN_UNREACHABLE_CODE = YES;
				CLANG_WARN__DUPLICATE_METHOD_MATCH = YES;
				COPY_PHASE_STRIP = NO;
				DEBUG_INFORMATION_FORMAT = "dwarf-with-dsym";
				ENABLE_NS_ASSERTIONS = NO;
				ENABLE_STRICT_OBJC_MSGSEND = YES;
				GCC_C_LANGUAGE_STANDARD = gnu11;
				GCC_NO_COMMON_BLOCKS = YES;
				GCC_WARN_64_TO_32_BIT_CONVERSION = YES;
				GCC_WARN_ABOUT_RETURN_TYPE = YES_ERROR;
				GCC_WARN_UNDECLARED_SELECTOR = YES;
				GCC_WARN_UNINITIALIZED_AUTOS = YES_AGGRESSIVE;
				GCC_WARN_UNUSED_FUNCTION = YES;
				GCC_WARN_UNUSED_VARIABLE = YES;
				IPHONEOS_DEPLOYMENT_TARGET = 14.2;
				MTL_ENABLE_DEBUG_INFO = NO;
				MTL_FAST_MATH = YES;
				SDKROOT = iphoneos;
				SWIFT_COMPILATION_MODE = wholemodule;
				SWIFT_OPTIMIZATION_LEVEL = "-O";
				VALIDATE_PRODUCT = YES;
			};
			name = Release;
		};
		44E5316A258BE7A3004D841C /* Debug */ = {
			isa = XCBuildConfiguration;
			baseConfigurationReference = 6A81CCB8444BDBBF4CE8A85A /* Pods-NYTimesArticles.debug.xcconfig */;
			buildSettings = {
				ASSETCATALOG_COMPILER_APPICON_NAME = AppIcon;
				ASSETCATALOG_COMPILER_GLOBAL_ACCENT_COLOR_NAME = AccentColor;
				CODE_SIGN_STYLE = Automatic;
				DEVELOPMENT_TEAM = 8E73FE926E;
				INFOPLIST_FILE = NYTimesArticles/Info.plist;
				IPHONEOS_DEPLOYMENT_TARGET = 12.2;
				LD_RUNPATH_SEARCH_PATHS = (
					"$(inherited)",
					"@executable_path/Frameworks",
				);
				PRODUCT_BUNDLE_IDENTIFIER = com.burhanuddin353.NYTimesArticles;
				PRODUCT_NAME = "$(TARGET_NAME)";
				SWIFT_VERSION = 5.0;
				TARGETED_DEVICE_FAMILY = "1,2";
			};
			name = Debug;
		};
		44E5316B258BE7A3004D841C /* Release */ = {
			isa = XCBuildConfiguration;
			baseConfigurationReference = 3749A1D369C39FDDFD56F92E /* Pods-NYTimesArticles.release.xcconfig */;
			buildSettings = {
				ASSETCATALOG_COMPILER_APPICON_NAME = AppIcon;
				ASSETCATALOG_COMPILER_GLOBAL_ACCENT_COLOR_NAME = AccentColor;
				CODE_SIGN_STYLE = Automatic;
				DEVELOPMENT_TEAM = 8E73FE926E;
				INFOPLIST_FILE = NYTimesArticles/Info.plist;
				IPHONEOS_DEPLOYMENT_TARGET = 12.2;
				LD_RUNPATH_SEARCH_PATHS = (
					"$(inherited)",
					"@executable_path/Frameworks",
				);
				PRODUCT_BUNDLE_IDENTIFIER = com.burhanuddin353.NYTimesArticles;
				PRODUCT_NAME = "$(TARGET_NAME)";
				SWIFT_VERSION = 5.0;
				TARGETED_DEVICE_FAMILY = "1,2";
			};
			name = Release;
		};
		44E5316D258BE7A3004D841C /* Debug */ = {
			isa = XCBuildConfiguration;
			buildSettings = {
				ALWAYS_EMBED_SWIFT_STANDARD_LIBRARIES = YES;
				BUNDLE_LOADER = "$(TEST_HOST)";
				CODE_SIGN_STYLE = Automatic;
				DEVELOPMENT_TEAM = 8E73FE926E;
				INFOPLIST_FILE = NYTimesArticlesTests/Info.plist;
				IPHONEOS_DEPLOYMENT_TARGET = 14.2;
				LD_RUNPATH_SEARCH_PATHS = (
					"$(inherited)",
					"@executable_path/Frameworks",
					"@loader_path/Frameworks",
				);
				PRODUCT_BUNDLE_IDENTIFIER = com.burhanuddin353.NYTimesArticlesTests;
				PRODUCT_NAME = "$(TARGET_NAME)";
				SWIFT_VERSION = 5.0;
				TARGETED_DEVICE_FAMILY = "1,2";
				TEST_HOST = "$(BUILT_PRODUCTS_DIR)/NYTimesArticles.app/NYTimesArticles";
			};
			name = Debug;
		};
		44E5316E258BE7A3004D841C /* Release */ = {
			isa = XCBuildConfiguration;
			buildSettings = {
				ALWAYS_EMBED_SWIFT_STANDARD_LIBRARIES = YES;
				BUNDLE_LOADER = "$(TEST_HOST)";
				CODE_SIGN_STYLE = Automatic;
				DEVELOPMENT_TEAM = 8E73FE926E;
				INFOPLIST_FILE = NYTimesArticlesTests/Info.plist;
				IPHONEOS_DEPLOYMENT_TARGET = 14.2;
				LD_RUNPATH_SEARCH_PATHS = (
					"$(inherited)",
					"@executable_path/Frameworks",
					"@loader_path/Frameworks",
				);
				PRODUCT_BUNDLE_IDENTIFIER = com.burhanuddin353.NYTimesArticlesTests;
				PRODUCT_NAME = "$(TARGET_NAME)";
				SWIFT_VERSION = 5.0;
				TARGETED_DEVICE_FAMILY = "1,2";
				TEST_HOST = "$(BUILT_PRODUCTS_DIR)/NYTimesArticles.app/NYTimesArticles";
			};
			name = Release;
		};
		44E53170258BE7A3004D841C /* Debug */ = {
			isa = XCBuildConfiguration;
			buildSettings = {
				ALWAYS_EMBED_SWIFT_STANDARD_LIBRARIES = YES;
				CODE_SIGN_STYLE = Automatic;
				DEVELOPMENT_TEAM = 8E73FE926E;
				INFOPLIST_FILE = NYTimesArticlesUITests/Info.plist;
				LD_RUNPATH_SEARCH_PATHS = (
					"$(inherited)",
					"@executable_path/Frameworks",
					"@loader_path/Frameworks",
				);
				PRODUCT_BUNDLE_IDENTIFIER = com.burhanuddin353.NYTimesArticlesUITests;
				PRODUCT_NAME = "$(TARGET_NAME)";
				SWIFT_VERSION = 5.0;
				TARGETED_DEVICE_FAMILY = "1,2";
				TEST_TARGET_NAME = NYTimesArticles;
			};
			name = Debug;
		};
		44E53171258BE7A3004D841C /* Release */ = {
			isa = XCBuildConfiguration;
			buildSettings = {
				ALWAYS_EMBED_SWIFT_STANDARD_LIBRARIES = YES;
				CODE_SIGN_STYLE = Automatic;
				DEVELOPMENT_TEAM = 8E73FE926E;
				INFOPLIST_FILE = NYTimesArticlesUITests/Info.plist;
				LD_RUNPATH_SEARCH_PATHS = (
					"$(inherited)",
					"@executable_path/Frameworks",
					"@loader_path/Frameworks",
				);
				PRODUCT_BUNDLE_IDENTIFIER = com.burhanuddin353.NYTimesArticlesUITests;
				PRODUCT_NAME = "$(TARGET_NAME)";
				SWIFT_VERSION = 5.0;
				TARGETED_DEVICE_FAMILY = "1,2";
				TEST_TARGET_NAME = NYTimesArticles;
			};
			name = Release;
		};
/* End XCBuildConfiguration section */

/* Begin XCConfigurationList section */
		44E5313A258BE7A0004D841C /* Build configuration list for PBXProject "NYTimesArticles" */ = {
			isa = XCConfigurationList;
			buildConfigurations = (
				44E53167258BE7A3004D841C /* Debug */,
				44E53168258BE7A3004D841C /* Release */,
			);
			defaultConfigurationIsVisible = 0;
			defaultConfigurationName = Release;
		};
		44E53169258BE7A3004D841C /* Build configuration list for PBXNativeTarget "NYTimesArticles" */ = {
			isa = XCConfigurationList;
			buildConfigurations = (
				44E5316A258BE7A3004D841C /* Debug */,
				44E5316B258BE7A3004D841C /* Release */,
			);
			defaultConfigurationIsVisible = 0;
			defaultConfigurationName = Release;
		};
		44E5316C258BE7A3004D841C /* Build configuration list for PBXNativeTarget "NYTimesArticlesTests" */ = {
			isa = XCConfigurationList;
			buildConfigurations = (
				44E5316D258BE7A3004D841C /* Debug */,
				44E5316E258BE7A3004D841C /* Release */,
			);
			defaultConfigurationIsVisible = 0;
			defaultConfigurationName = Release;
		};
		44E5316F258BE7A3004D841C /* Build configuration list for PBXNativeTarget "NYTimesArticlesUITests" */ = {
			isa = XCConfigurationList;
			buildConfigurations = (
				44E53170258BE7A3004D841C /* Debug */,
				44E53171258BE7A3004D841C /* Release */,
			);
			defaultConfigurationIsVisible = 0;
			defaultConfigurationName = Release;
		};
/* End XCConfigurationList section */
	};
	rootObject = 44E53137258BE7A0004D841C /* Project object */;
}
